
Microsoft Visual Studio Solution File, Format Version 12.00
# Visual Studio 2013
VisualStudioVersion = 12.0.31101.0
MinimumVisualStudioVersion = 10.0.40219.1
Project("{FAE04EC0-301F-11D3-BF4B-00C04F79EFBC}") = "Barber.WebApp", "Barber.WebApp\Barber.WebApp.csproj", "{1DA4A740-84BF-490C-B6FF-CA9C7E47DAEF}"
EndProject
Project("{FAE04EC0-301F-11D3-BF4B-00C04F79EFBC}") = "Barber.Repository", "Barber.Repository\Barber.Repository.csproj", "{5926217F-CF02-471F-8CD9-B2FBE4960AB7}"
EndProject
Project("{FAE04EC0-301F-11D3-BF4B-00C04F79EFBC}") = "Barber.Common", "Barber.Common\Barber.Common.csproj", "{DDCC08BF-2AC9-40FA-94C4-C727CB6DA69E}"
EndProject
Global
	GlobalSection(SolutionConfigurationPlatforms) = preSolution
		Debug|Any CPU = Debug|Any CPU
		Release|Any CPU = Release|Any CPU
	EndGlobalSection
	GlobalSection(ProjectConfigurationPlatforms) = postSolution
		{1DA4A740-84BF-490C-B6FF-CA9C7E47DAEF}.Debug|Any CPU.ActiveCfg = Debug|Any CPU
		{1DA4A740-84BF-490C-B6FF-CA9C7E47DAEF}.Debug|Any CPU.Build.0 = Debug|Any CPU
		{1DA4A740-84BF-490C-B6FF-CA9C7E47DAEF}.Release|Any CPU.ActiveCfg = Release|Any CPU
		{1DA4A740-84BF-490C-B6FF-CA9C7E47DAEF}.Release|Any CPU.Build.0 = Release|Any CPU
		{5926217F-CF02-471F-8CD9-B2FBE4960AB7}.Debug|Any CPU.ActiveCfg = Debug|Any CPU
		{5926217F-CF02-471F-8CD9-B2FBE4960AB7}.Debug|Any CPU.Build.0 = Debug|Any CPU
		{5926217F-CF02-471F-8CD9-B2FBE4960AB7}.Release|Any CPU.ActiveCfg = Release|Any CPU
		{5926217F-CF02-471F-8CD9-B2FBE4960AB7}.Release|Any CPU.Build.0 = Release|Any CPU
		{DDCC08BF-2AC9-40FA-94C4-C727CB6DA69E}.Debug|Any CPU.ActiveCfg = Debug|Any CPU
		{DDCC08BF-2AC9-40FA-94C4-C727CB6DA69E}.Debug|Any CPU.Build.0 = Debug|Any CPU
		{DDCC08BF-2AC9-40FA-94C4-C727CB6DA69E}.Release|Any CPU.ActiveCfg = Release|Any CPU
		{DDCC08BF-2AC9-40FA-94C4-C727CB6DA69E}.Release|Any CPU.Build.0 = Release|Any CPU
	EndGlobalSection
	GlobalSection(SolutionProperties) = preSolution
		HideSolutionNode = FALSE
	EndGlobalSection
EndGlobal
