
Microsoft Visual Studio Solution File, Format Version 12.00
# Visual Studio 2013
VisualStudioVersion = 12.0.31101.0
MinimumVisualStudioVersion = 10.0.40219.1
Project("{FAE04EC0-301F-11D3-BF4B-00C04F79EFBC}") = "Barber.Core", "Barber.Core\Barber.Core.csproj", "{C0C0F474-7468-4AA7-8F0A-5F844A42685C}"
EndProject
Project("{FAE04EC0-301F-11D3-BF4B-00C04F79EFBC}") = "Barber.iOS", "Barber.iOS\Barber.iOS.csproj", "{D9E388BD-2F19-4EE8-88AE-84DE2426B8F9}"
EndProject
Project("{FAE04EC0-301F-11D3-BF4B-00C04F79EFBC}") = "Barber.Droid", "Barber.Droid\Barber.Droid.csproj", "{CA407775-220D-4979-98A6-2A9C676C83E6}"
EndProject
Project("{FAE04EC0-301F-11D3-BF4B-00C04F79EFBC}") = "Barber.WinPhone", "Barber.WinPhone\Barber.WinPhone.csproj", "{04BDACDE-0C57-4137-A644-1C5EDE50A896}"
EndProject
Global
	GlobalSection(SolutionConfigurationPlatforms) = preSolution
		Ad-Hoc|Any CPU = Ad-Hoc|Any CPU
		Ad-Hoc|ARM = Ad-Hoc|ARM
		Ad-Hoc|iPhone = Ad-Hoc|iPhone
		Ad-Hoc|iPhoneSimulator = Ad-Hoc|iPhoneSimulator
		Ad-Hoc|Mixed Platforms = Ad-Hoc|Mixed Platforms
		Ad-Hoc|x86 = Ad-Hoc|x86
		AppStore|Any CPU = AppStore|Any CPU
		AppStore|ARM = AppStore|ARM
		AppStore|iPhone = AppStore|iPhone
		AppStore|iPhoneSimulator = AppStore|iPhoneSimulator
		AppStore|Mixed Platforms = AppStore|Mixed Platforms
		AppStore|x86 = AppStore|x86
		Debug|Any CPU = Debug|Any CPU
		Debug|ARM = Debug|ARM
		Debug|iPhone = Debug|iPhone
		Debug|iPhoneSimulator = Debug|iPhoneSimulator
		Debug|Mixed Platforms = Debug|Mixed Platforms
		Debug|x86 = Debug|x86
		Release|Any CPU = Release|Any CPU
		Release|ARM = Release|ARM
		Release|iPhone = Release|iPhone
		Release|iPhoneSimulator = Release|iPhoneSimulator
		Release|Mixed Platforms = Release|Mixed Platforms
		Release|x86 = Release|x86
	EndGlobalSection
	GlobalSection(ProjectConfigurationPlatforms) = postSolution
		{C0C0F474-7468-4AA7-8F0A-5F844A42685C}.Ad-Hoc|Any CPU.ActiveCfg = Release|Any CPU
		{C0C0F474-7468-4AA7-8F0A-5F844A42685C}.Ad-Hoc|Any CPU.Build.0 = Release|Any CPU
		{C0C0F474-7468-4AA7-8F0A-5F844A42685C}.Ad-Hoc|ARM.ActiveCfg = Release|Any CPU
		{C0C0F474-7468-4AA7-8F0A-5F844A42685C}.Ad-Hoc|iPhone.ActiveCfg = Release|Any CPU
		{C0C0F474-7468-4AA7-8F0A-5F844A42685C}.Ad-Hoc|iPhoneSimulator.ActiveCfg = Release|Any CPU
		{C0C0F474-7468-4AA7-8F0A-5F844A42685C}.Ad-Hoc|Mixed Platforms.ActiveCfg = Release|Any CPU
		{C0C0F474-7468-4AA7-8F0A-5F844A42685C}.Ad-Hoc|Mixed Platforms.Build.0 = Release|Any CPU
		{C0C0F474-7468-4AA7-8F0A-5F844A42685C}.Ad-Hoc|x86.ActiveCfg = Release|Any CPU
		{C0C0F474-7468-4AA7-8F0A-5F844A42685C}.AppStore|Any CPU.ActiveCfg = Release|Any CPU
		{C0C0F474-7468-4AA7-8F0A-5F844A42685C}.AppStore|Any CPU.Build.0 = Release|Any CPU
		{C0C0F474-7468-4AA7-8F0A-5F844A42685C}.AppStore|ARM.ActiveCfg = Release|Any CPU
		{C0C0F474-7468-4AA7-8F0A-5F844A42685C}.AppStore|iPhone.ActiveCfg = Release|Any CPU
		{C0C0F474-7468-4AA7-8F0A-5F844A42685C}.AppStore|iPhoneSimulator.ActiveCfg = Release|Any CPU
		{C0C0F474-7468-4AA7-8F0A-5F844A42685C}.AppStore|Mixed Platforms.ActiveCfg = Release|Any CPU
		{C0C0F474-7468-4AA7-8F0A-5F844A42685C}.AppStore|Mixed Platforms.Build.0 = Release|Any CPU
		{C0C0F474-7468-4AA7-8F0A-5F844A42685C}.AppStore|x86.ActiveCfg = Release|Any CPU
		{C0C0F474-7468-4AA7-8F0A-5F844A42685C}.Debug|Any CPU.ActiveCfg = Debug|Any CPU
		{C0C0F474-7468-4AA7-8F0A-5F844A42685C}.Debug|Any CPU.Build.0 = Debug|Any CPU
		{C0C0F474-7468-4AA7-8F0A-5F844A42685C}.Debug|ARM.ActiveCfg = Debug|Any CPU
		{C0C0F474-7468-4AA7-8F0A-5F844A42685C}.Debug|iPhone.ActiveCfg = Debug|Any CPU
		{C0C0F474-7468-4AA7-8F0A-5F844A42685C}.Debug|iPhoneSimulator.ActiveCfg = Debug|Any CPU
		{C0C0F474-7468-4AA7-8F0A-5F844A42685C}.Debug|Mixed Platforms.ActiveCfg = Debug|Any CPU
		{C0C0F474-7468-4AA7-8F0A-5F844A42685C}.Debug|Mixed Platforms.Build.0 = Debug|Any CPU
		{C0C0F474-7468-4AA7-8F0A-5F844A42685C}.Debug|x86.ActiveCfg = Debug|Any CPU
		{C0C0F474-7468-4AA7-8F0A-5F844A42685C}.Release|Any CPU.ActiveCfg = Release|Any CPU
		{C0C0F474-7468-4AA7-8F0A-5F844A42685C}.Release|Any CPU.Build.0 = Release|Any CPU
		{C0C0F474-7468-4AA7-8F0A-5F844A42685C}.Release|ARM.ActiveCfg = Release|Any CPU
		{C0C0F474-7468-4AA7-8F0A-5F844A42685C}.Release|iPhone.ActiveCfg = Release|Any CPU
		{C0C0F474-7468-4AA7-8F0A-5F844A42685C}.Release|iPhoneSimulator.ActiveCfg = Release|Any CPU
		{C0C0F474-7468-4AA7-8F0A-5F844A42685C}.Release|Mixed Platforms.ActiveCfg = Release|Any CPU
		{C0C0F474-7468-4AA7-8F0A-5F844A42685C}.Release|Mixed Platforms.Build.0 = Release|Any CPU
		{C0C0F474-7468-4AA7-8F0A-5F844A42685C}.Release|x86.ActiveCfg = Release|Any CPU
		{D9E388BD-2F19-4EE8-88AE-84DE2426B8F9}.Ad-Hoc|Any CPU.ActiveCfg = Ad-Hoc|iPhone
		{D9E388BD-2F19-4EE8-88AE-84DE2426B8F9}.Ad-Hoc|ARM.ActiveCfg = Ad-Hoc|iPhone
		{D9E388BD-2F19-4EE8-88AE-84DE2426B8F9}.Ad-Hoc|iPhone.ActiveCfg = Ad-Hoc|iPhone
		{D9E388BD-2F19-4EE8-88AE-84DE2426B8F9}.Ad-Hoc|iPhone.Build.0 = Ad-Hoc|iPhone
		{D9E388BD-2F19-4EE8-88AE-84DE2426B8F9}.Ad-Hoc|iPhoneSimulator.ActiveCfg = Ad-Hoc|iPhoneSimulator
		{D9E388BD-2F19-4EE8-88AE-84DE2426B8F9}.Ad-Hoc|iPhoneSimulator.Build.0 = Ad-Hoc|iPhoneSimulator
		{D9E388BD-2F19-4EE8-88AE-84DE2426B8F9}.Ad-Hoc|Mixed Platforms.ActiveCfg = Ad-Hoc|iPhone
		{D9E388BD-2F19-4EE8-88AE-84DE2426B8F9}.Ad-Hoc|Mixed Platforms.Build.0 = Ad-Hoc|iPhone
		{D9E388BD-2F19-4EE8-88AE-84DE2426B8F9}.Ad-Hoc|x86.ActiveCfg = Ad-Hoc|iPhone
		{D9E388BD-2F19-4EE8-88AE-84DE2426B8F9}.AppStore|Any CPU.ActiveCfg = AppStore|iPhone
		{D9E388BD-2F19-4EE8-88AE-84DE2426B8F9}.AppStore|ARM.ActiveCfg = AppStore|iPhone
		{D9E388BD-2F19-4EE8-88AE-84DE2426B8F9}.AppStore|iPhone.ActiveCfg = AppStore|iPhone
		{D9E388BD-2F19-4EE8-88AE-84DE2426B8F9}.AppStore|iPhone.Build.0 = AppStore|iPhone
		{D9E388BD-2F19-4EE8-88AE-84DE2426B8F9}.AppStore|iPhoneSimulator.ActiveCfg = AppStore|iPhoneSimulator
		{D9E388BD-2F19-4EE8-88AE-84DE2426B8F9}.AppStore|iPhoneSimulator.Build.0 = AppStore|iPhoneSimulator
		{D9E388BD-2F19-4EE8-88AE-84DE2426B8F9}.AppStore|Mixed Platforms.ActiveCfg = AppStore|iPhone
		{D9E388BD-2F19-4EE8-88AE-84DE2426B8F9}.AppStore|Mixed Platforms.Build.0 = AppStore|iPhone
		{D9E388BD-2F19-4EE8-88AE-84DE2426B8F9}.AppStore|x86.ActiveCfg = AppStore|iPhone
		{D9E388BD-2F19-4EE8-88AE-84DE2426B8F9}.Debug|Any CPU.ActiveCfg = Debug|iPhone
		{D9E388BD-2F19-4EE8-88AE-84DE2426B8F9}.Debug|ARM.ActiveCfg = Debug|iPhone
		{D9E388BD-2F19-4EE8-88AE-84DE2426B8F9}.Debug|iPhone.ActiveCfg = Debug|iPhone
		{D9E388BD-2F19-4EE8-88AE-84DE2426B8F9}.Debug|iPhone.Build.0 = Debug|iPhone
		{D9E388BD-2F19-4EE8-88AE-84DE2426B8F9}.Debug|iPhoneSimulator.ActiveCfg = Debug|iPhoneSimulator
		{D9E388BD-2F19-4EE8-88AE-84DE2426B8F9}.Debug|iPhoneSimulator.Build.0 = Debug|iPhoneSimulator
		{D9E388BD-2F19-4EE8-88AE-84DE2426B8F9}.Debug|Mixed Platforms.ActiveCfg = Debug|iPhone
		{D9E388BD-2F19-4EE8-88AE-84DE2426B8F9}.Debug|Mixed Platforms.Build.0 = Debug|iPhone
		{D9E388BD-2F19-4EE8-88AE-84DE2426B8F9}.Debug|x86.ActiveCfg = Debug|iPhone
		{D9E388BD-2F19-4EE8-88AE-84DE2426B8F9}.Release|Any CPU.ActiveCfg = Release|iPhone
		{D9E388BD-2F19-4EE8-88AE-84DE2426B8F9}.Release|ARM.ActiveCfg = Release|iPhone
		{D9E388BD-2F19-4EE8-88AE-84DE2426B8F9}.Release|iPhone.ActiveCfg = Release|iPhone
		{D9E388BD-2F19-4EE8-88AE-84DE2426B8F9}.Release|iPhone.Build.0 = Release|iPhone
		{D9E388BD-2F19-4EE8-88AE-84DE2426B8F9}.Release|iPhoneSimulator.ActiveCfg = Release|iPhoneSimulator
		{D9E388BD-2F19-4EE8-88AE-84DE2426B8F9}.Release|iPhoneSimulator.Build.0 = Release|iPhoneSimulator
		{D9E388BD-2F19-4EE8-88AE-84DE2426B8F9}.Release|Mixed Platforms.ActiveCfg = Release|iPhone
		{D9E388BD-2F19-4EE8-88AE-84DE2426B8F9}.Release|Mixed Platforms.Build.0 = Release|iPhone
		{D9E388BD-2F19-4EE8-88AE-84DE2426B8F9}.Release|x86.ActiveCfg = Release|iPhone
		{CA407775-220D-4979-98A6-2A9C676C83E6}.Ad-Hoc|Any CPU.ActiveCfg = Release|Any CPU
		{CA407775-220D-4979-98A6-2A9C676C83E6}.Ad-Hoc|Any CPU.Build.0 = Release|Any CPU
		{CA407775-220D-4979-98A6-2A9C676C83E6}.Ad-Hoc|Any CPU.Deploy.0 = Release|Any CPU
		{CA407775-220D-4979-98A6-2A9C676C83E6}.Ad-Hoc|ARM.ActiveCfg = Release|Any CPU
		{CA407775-220D-4979-98A6-2A9C676C83E6}.Ad-Hoc|iPhone.ActiveCfg = Release|Any CPU
		{CA407775-220D-4979-98A6-2A9C676C83E6}.Ad-Hoc|iPhoneSimulator.ActiveCfg = Release|Any CPU
		{CA407775-220D-4979-98A6-2A9C676C83E6}.Ad-Hoc|Mixed Platforms.ActiveCfg = Release|Any CPU
		{CA407775-220D-4979-98A6-2A9C676C83E6}.Ad-Hoc|Mixed Platforms.Build.0 = Release|Any CPU
		{CA407775-220D-4979-98A6-2A9C676C83E6}.Ad-Hoc|Mixed Platforms.Deploy.0 = Release|Any CPU
		{CA407775-220D-4979-98A6-2A9C676C83E6}.Ad-Hoc|x86.ActiveCfg = Release|Any CPU
		{CA407775-220D-4979-98A6-2A9C676C83E6}.AppStore|Any CPU.ActiveCfg = Release|Any CPU
		{CA407775-220D-4979-98A6-2A9C676C83E6}.AppStore|Any CPU.Build.0 = Release|Any CPU
		{CA407775-220D-4979-98A6-2A9C676C83E6}.AppStore|Any CPU.Deploy.0 = Release|Any CPU
		{CA407775-220D-4979-98A6-2A9C676C83E6}.AppStore|ARM.ActiveCfg = Release|Any CPU
		{CA407775-220D-4979-98A6-2A9C676C83E6}.AppStore|iPhone.ActiveCfg = Release|Any CPU
		{CA407775-220D-4979-98A6-2A9C676C83E6}.AppStore|iPhoneSimulator.ActiveCfg = Release|Any CPU
		{CA407775-220D-4979-98A6-2A9C676C83E6}.AppStore|Mixed Platforms.ActiveCfg = Release|Any CPU
		{CA407775-220D-4979-98A6-2A9C676C83E6}.AppStore|Mixed Platforms.Build.0 = Release|Any CPU
		{CA407775-220D-4979-98A6-2A9C676C83E6}.AppStore|Mixed Platforms.Deploy.0 = Release|Any CPU
		{CA407775-220D-4979-98A6-2A9C676C83E6}.AppStore|x86.ActiveCfg = Release|Any CPU
		{CA407775-220D-4979-98A6-2A9C676C83E6}.Debug|Any CPU.ActiveCfg = Debug|Any CPU
		{CA407775-220D-4979-98A6-2A9C676C83E6}.Debug|Any CPU.Build.0 = Debug|Any CPU
		{CA407775-220D-4979-98A6-2A9C676C83E6}.Debug|Any CPU.Deploy.0 = Debug|Any CPU
		{CA407775-220D-4979-98A6-2A9C676C83E6}.Debug|ARM.ActiveCfg = Debug|Any CPU
		{CA407775-220D-4979-98A6-2A9C676C83E6}.Debug|iPhone.ActiveCfg = Debug|Any CPU
		{CA407775-220D-4979-98A6-2A9C676C83E6}.Debug|iPhoneSimulator.ActiveCfg = Debug|Any CPU
		{CA407775-220D-4979-98A6-2A9C676C83E6}.Debug|Mixed Platforms.ActiveCfg = Debug|Any CPU
		{CA407775-220D-4979-98A6-2A9C676C83E6}.Debug|Mixed Platforms.Build.0 = Debug|Any CPU
		{CA407775-220D-4979-98A6-2A9C676C83E6}.Debug|Mixed Platforms.Deploy.0 = Debug|Any CPU
		{CA407775-220D-4979-98A6-2A9C676C83E6}.Debug|x86.ActiveCfg = Debug|Any CPU
		{CA407775-220D-4979-98A6-2A9C676C83E6}.Release|Any CPU.ActiveCfg = Release|Any CPU
		{CA407775-220D-4979-98A6-2A9C676C83E6}.Release|Any CPU.Build.0 = Release|Any CPU
		{CA407775-220D-4979-98A6-2A9C676C83E6}.Release|Any CPU.Deploy.0 = Release|Any CPU
		{CA407775-220D-4979-98A6-2A9C676C83E6}.Release|ARM.ActiveCfg = Release|Any CPU
		{CA407775-220D-4979-98A6-2A9C676C83E6}.Release|iPhone.ActiveCfg = Release|Any CPU
		{CA407775-220D-4979-98A6-2A9C676C83E6}.Release|iPhoneSimulator.ActiveCfg = Release|Any CPU
		{CA407775-220D-4979-98A6-2A9C676C83E6}.Release|Mixed Platforms.ActiveCfg = Release|Any CPU
		{CA407775-220D-4979-98A6-2A9C676C83E6}.Release|Mixed Platforms.Build.0 = Release|Any CPU
		{CA407775-220D-4979-98A6-2A9C676C83E6}.Release|Mixed Platforms.Deploy.0 = Release|Any CPU
		{CA407775-220D-4979-98A6-2A9C676C83E6}.Release|x86.ActiveCfg = Release|Any CPU
		{04BDACDE-0C57-4137-A644-1C5EDE50A896}.Ad-Hoc|Any CPU.ActiveCfg = Release|Any CPU
		{04BDACDE-0C57-4137-A644-1C5EDE50A896}.Ad-Hoc|Any CPU.Build.0 = Release|Any CPU
		{04BDACDE-0C57-4137-A644-1C5EDE50A896}.Ad-Hoc|Any CPU.Deploy.0 = Release|Any CPU
		{04BDACDE-0C57-4137-A644-1C5EDE50A896}.Ad-Hoc|ARM.ActiveCfg = Release|ARM
		{04BDACDE-0C57-4137-A644-1C5EDE50A896}.Ad-Hoc|ARM.Build.0 = Release|ARM
		{04BDACDE-0C57-4137-A644-1C5EDE50A896}.Ad-Hoc|ARM.Deploy.0 = Release|ARM
		{04BDACDE-0C57-4137-A644-1C5EDE50A896}.Ad-Hoc|iPhone.ActiveCfg = Release|Any CPU
		{04BDACDE-0C57-4137-A644-1C5EDE50A896}.Ad-Hoc|iPhoneSimulator.ActiveCfg = Release|Any CPU
		{04BDACDE-0C57-4137-A644-1C5EDE50A896}.Ad-Hoc|Mixed Platforms.ActiveCfg = Release|x86
		{04BDACDE-0C57-4137-A644-1C5EDE50A896}.Ad-Hoc|Mixed Platforms.Build.0 = Release|x86
		{04BDACDE-0C57-4137-A644-1C5EDE50A896}.Ad-Hoc|Mixed Platforms.Deploy.0 = Release|x86
		{04BDACDE-0C57-4137-A644-1C5EDE50A896}.Ad-Hoc|x86.ActiveCfg = Release|x86
		{04BDACDE-0C57-4137-A644-1C5EDE50A896}.Ad-Hoc|x86.Build.0 = Release|x86
		{04BDACDE-0C57-4137-A644-1C5EDE50A896}.Ad-Hoc|x86.Deploy.0 = Release|x86
		{04BDACDE-0C57-4137-A644-1C5EDE50A896}.AppStore|Any CPU.ActiveCfg = Release|Any CPU
		{04BDACDE-0C57-4137-A644-1C5EDE50A896}.AppStore|Any CPU.Build.0 = Release|Any CPU
		{04BDACDE-0C57-4137-A644-1C5EDE50A896}.AppStore|Any CPU.Deploy.0 = Release|Any CPU
		{04BDACDE-0C57-4137-A644-1C5EDE50A896}.AppStore|ARM.ActiveCfg = Release|ARM
		{04BDACDE-0C57-4137-A644-1C5EDE50A896}.AppStore|ARM.Build.0 = Release|ARM
		{04BDACDE-0C57-4137-A644-1C5EDE50A896}.AppStore|ARM.Deploy.0 = Release|ARM
		{04BDACDE-0C57-4137-A644-1C5EDE50A896}.AppStore|iPhone.ActiveCfg = Release|Any CPU
		{04BDACDE-0C57-4137-A644-1C5EDE50A896}.AppStore|iPhoneSimulator.ActiveCfg = Release|Any CPU
		{04BDACDE-0C57-4137-A644-1C5EDE50A896}.AppStore|Mixed Platforms.ActiveCfg = Release|x86
		{04BDACDE-0C57-4137-A644-1C5EDE50A896}.AppStore|Mixed Platforms.Build.0 = Release|x86
		{04BDACDE-0C57-4137-A644-1C5EDE50A896}.AppStore|Mixed Platforms.Deploy.0 = Release|x86
		{04BDACDE-0C57-4137-A644-1C5EDE50A896}.AppStore|x86.ActiveCfg = Release|x86
		{04BDACDE-0C57-4137-A644-1C5EDE50A896}.AppStore|x86.Build.0 = Release|x86
		{04BDACDE-0C57-4137-A644-1C5EDE50A896}.AppStore|x86.Deploy.0 = Release|x86
		{04BDACDE-0C57-4137-A644-1C5EDE50A896}.Debug|Any CPU.ActiveCfg = Debug|Any CPU
		{04BDACDE-0C57-4137-A644-1C5EDE50A896}.Debug|Any CPU.Build.0 = Debug|Any CPU
		{04BDACDE-0C57-4137-A644-1C5EDE50A896}.Debug|Any CPU.Deploy.0 = Debug|Any CPU
		{04BDACDE-0C57-4137-A644-1C5EDE50A896}.Debug|ARM.ActiveCfg = Debug|ARM
		{04BDACDE-0C57-4137-A644-1C5EDE50A896}.Debug|ARM.Build.0 = Debug|ARM
		{04BDACDE-0C57-4137-A644-1C5EDE50A896}.Debug|ARM.Deploy.0 = Debug|ARM
		{04BDACDE-0C57-4137-A644-1C5EDE50A896}.Debug|iPhone.ActiveCfg = Debug|Any CPU
		{04BDACDE-0C57-4137-A644-1C5EDE50A896}.Debug|iPhoneSimulator.ActiveCfg = Debug|Any CPU
		{04BDACDE-0C57-4137-A644-1C5EDE50A896}.Debug|Mixed Platforms.ActiveCfg = Debug|x86
		{04BDACDE-0C57-4137-A644-1C5EDE50A896}.Debug|Mixed Platforms.Build.0 = Debug|x86
		{04BDACDE-0C57-4137-A644-1C5EDE50A896}.Debug|Mixed Platforms.Deploy.0 = Debug|x86
		{04BDACDE-0C57-4137-A644-1C5EDE50A896}.Debug|x86.ActiveCfg = Debug|x86
		{04BDACDE-0C57-4137-A644-1C5EDE50A896}.Debug|x86.Build.0 = Debug|x86
		{04BDACDE-0C57-4137-A644-1C5EDE50A896}.Debug|x86.Deploy.0 = Debug|x86
		{04BDACDE-0C57-4137-A644-1C5EDE50A896}.Release|Any CPU.ActiveCfg = Release|Any CPU
		{04BDACDE-0C57-4137-A644-1C5EDE50A896}.Release|Any CPU.Build.0 = Release|Any CPU
		{04BDACDE-0C57-4137-A644-1C5EDE50A896}.Release|Any CPU.Deploy.0 = Release|Any CPU
		{04BDACDE-0C57-4137-A644-1C5EDE50A896}.Release|ARM.ActiveCfg = Release|ARM
		{04BDACDE-0C57-4137-A644-1C5EDE50A896}.Release|ARM.Build.0 = Release|ARM
		{04BDACDE-0C57-4137-A644-1C5EDE50A896}.Release|ARM.Deploy.0 = Release|ARM
		{04BDACDE-0C57-4137-A644-1C5EDE50A896}.Release|iPhone.ActiveCfg = Release|Any CPU
		{04BDACDE-0C57-4137-A644-1C5EDE50A896}.Release|iPhoneSimulator.ActiveCfg = Release|Any CPU
		{04BDACDE-0C57-4137-A644-1C5EDE50A896}.Release|Mixed Platforms.ActiveCfg = Release|x86
		{04BDACDE-0C57-4137-A644-1C5EDE50A896}.Release|Mixed Platforms.Build.0 = Release|x86
		{04BDACDE-0C57-4137-A644-1C5EDE50A896}.Release|Mixed Platforms.Deploy.0 = Release|x86
		{04BDACDE-0C57-4137-A644-1C5EDE50A896}.Release|x86.ActiveCfg = Release|x86
		{04BDACDE-0C57-4137-A644-1C5EDE50A896}.Release|x86.Build.0 = Release|x86
		{04BDACDE-0C57-4137-A644-1C5EDE50A896}.Release|x86.Deploy.0 = Release|x86
	EndGlobalSection
	GlobalSection(SolutionProperties) = preSolution
		HideSolutionNode = FALSE
	EndGlobalSection
EndGlobal
